
Microsoft Visual Studio Solution File, Format Version 12.00
# Visual Studio Version 17
VisualStudioVersion = 17.8.34316.72
MinimumVisualStudioVersion = 10.0.40219.1
Project("{FAE04EC0-301F-11D3-BF4B-00C04F79EFBC}") = "lab4", "lab4\lab4.csproj", "{487728B6-984B-4262-9AF0-A3F3DA31E457}"
EndProject
Global
	GlobalSection(SolutionConfigurationPlatforms) = preSolution
		Debug|Any CPU = Debug|Any CPU
		Release|Any CPU = Release|Any CPU
	EndGlobalSection
	GlobalSection(ProjectConfigurationPlatforms) = postSolution
		{487728B6-984B-4262-9AF0-A3F3DA31E457}.Debug|Any CPU.ActiveCfg = Debug|Any CPU
		{487728B6-984B-4262-9AF0-A3F3DA31E457}.Debug|Any CPU.Build.0 = Debug|Any CPU
		{487728B6-984B-4262-9AF0-A3F3DA31E457}.Release|Any CPU.ActiveCfg = Release|Any CPU
		{487728B6-984B-4262-9AF0-A3F3DA31E457}.Release|Any CPU.Build.0 = Release|Any CPU
	EndGlobalSection
	GlobalSection(SolutionProperties) = preSolution
		HideSolutionNode = FALSE
	EndGlobalSection
	GlobalSection(ExtensibilityGlobals) = postSolution
		SolutionGuid = {F4ED947D-4AD6-4B96-84E7-5FDB08E69D00}
	EndGlobalSection
EndGlobal
